[{"0":"t","1":"c","2":"f","3":"-","4":"i","5":"n","6":"f","7":"o","8":"r","9":"m","10":"a","11":"t","12":"i","13":"o","14":"n","15":"_","16":"r","17":"e","18":"c","19":"y","20":"c","21":"l","22":"e","key":"name"},{"0":"1","1":".","2":"0","3":".","4":"0","key":"version"},{"key":"lockfileVersion"},{"key":"requires"},{"":{"name":"tcf-information_recycle","version":"1.0.0","license":"ISC","dependencies":{"chokidar":"^5.0.0"}},"node_modules/chokidar":{"version":"5.0.0","resolved":"https://registry.npmjs.org/chokidar/-/chokidar-5.0.0.tgz","integrity":"sha512-TQMmc3w+5AxjpL8iIiwebF73dRDF4fBIieAqGn9RGCWaEVwQ6Fb2cGe31Yns0RRIzii5goJ1Y7xbMwo1TxMplw==","license":"MIT","dependencies":{"readdirp":"^5.0.0"},"engines":{"node":">= 20.19.0"},"funding":{"url":"https://paulmillr.com/funding/"}},"node_modules/readdirp":{"version":"5.0.0","resolved":"https://registry.npmjs.org/readdirp/-/readdirp-5.0.0.tgz","integrity":"sha512-9u/XQ1pvrQtYyMpZe7DXKv2p5CNvyVwzUB6uhLAnQwHMSgKMBR62lc7AHljaeteeHXn11XTAaLLUVZYVZyuRBQ==","license":"MIT","engines":{"node":">= 20.19.0"},"funding":{"type":"individual","url":"https://paulmillr.com/funding/"}},"key":"packages"}]